// !$*UTF8*$!
{
	archiveVersion = 1;
	classes = {
	};
	objectVersion = 50;
	objects = {

/* Begin PBXBuildFile section */
		18535900218AB47C00A9D598 /* AppDelegate.swift in Sources */ = {isa = PBXBuildFile; fileRef = 185358FF218AB47C00A9D598 /* AppDelegate.swift */; };
		18535902218AB47C00A9D598 /* ViewController.swift in Sources */ = {isa = PBXBuildFile; fileRef = 18535901218AB47C00A9D598 /* ViewController.swift */; };
		18535905218AB47C00A9D598 /* Main.storyboard in Resources */ = {isa = PBXBuildFile; fileRef = 18535903218AB47C00A9D598 /* Main.storyboard */; };
		18535907218AB48D00A9D598 /* Assets.xcassets in Resources */ = {isa = PBXBuildFile; fileRef = 18535906218AB48D00A9D598 /* Assets.xcassets */; };
		1853590A218AB48D00A9D598 /* LaunchScreen.storyboard in Resources */ = {isa = PBXBuildFile; fileRef = 18535908218AB48D00A9D598 /* LaunchScreen.storyboard */; };
		18535915218AB48D00A9D598 /* TestDemoTests.swift in Sources */ = {isa = PBXBuildFile; fileRef = 18535914218AB48D00A9D598 /* TestDemoTests.swift */; };
		18535920218AB48D00A9D598 /* TestDemoUITests.swift in Sources */ = {isa = PBXBuildFile; fileRef = 1853591F218AB48D00A9D598 /* TestDemoUITests.swift */; };
/* End PBXBuildFile section */

/* Begin PBXContainerItemProxy section */
		18535911218AB48D00A9D598 /* PBXContainerItemProxy */ = {
			isa = PBXContainerItemProxy;
			containerPortal = 185358F4218AB47B00A9D598 /* Project object */;
			proxyType = 1;
			remoteGlobalIDString = 185358FB218AB47C00A9D598;
			remoteInfo = TestDemo;
		};
		1853591C218AB48D00A9D598 /* PBXContainerItemProxy */ = {
			isa = PBXContainerItemProxy;
			containerPortal = 185358F4218AB47B00A9D598 /* Project object */;
			proxyType = 1;
			remoteGlobalIDString = 185358FB218AB47C00A9D598;
			remoteInfo = TestDemo;
		};
/* End PBXContainerItemProxy section */

/* Begin PBXFileReference section */
		185358FC218AB47C00A9D598 /* TestDemo.app */ = {isa = PBXFileReference; explicitFileType = wrapper.application; includeInIndex = 0; path = TestDemo.app; sourceTree = BUILT_PRODUCTS_DIR; };
		185358FF218AB47C00A9D598 /* AppDelegate.swift */ = {isa = PBXFileReference; lastKnownFileType = sourcecode.swift; path = AppDelegate.swift; sourceTree = "<group>"; };
		18535901218AB47C00A9D598 /* ViewController.swift */ = {isa = PBXFileReference; lastKnownFileType = sourcecode.swift; path = ViewController.swift; sourceTree = "<group>"; };
		18535904218AB47C00A9D598 /* Base */ = {isa = PBXFileReference; lastKnownFileType = file.storyboard; name = Base; path = Base.lproj/Main.storyboard; sourceTree = "<group>"; };
		18535906218AB48D00A9D598 /* Assets.xcassets */ = {isa = PBXFileReference; lastKnownFileType = folder.assetcatalog; path = Assets.xcassets; sourceTree = "<group>"; };
		18535909218AB48D00A9D598 /* Base */ = {isa = PBXFileReference; lastKnownFileType = file.storyboard; name = Base; path = Base.lproj/LaunchScreen.storyboard; sourceTree = "<group>"; };
		1853590B218AB48D00A9D598 /* Info.plist */ = {isa = PBXFileReference; lastKnownFileType = text.plist.xml; path = Info.plist; sourceTree = "<group>"; };
		18535910218AB48D00A9D598 /* TestDemoTests.xctest */ = {isa = PBXFileReference; explicitFileType = wrapper.cfbundle; includeInIndex = 0; path = TestDemoTests.xctest; sourceTree = BUILT_PRODUCTS_DIR; };
		18535914218AB48D00A9D598 /* TestDemoTests.swift */ = {isa = PBXFileReference; lastKnownFileType = sourcecode.swift; path = TestDemoTests.swift; sourceTree = "<group>"; };
		18535916218AB48D00A9D598 /* Info.plist */ = {isa = PBXFileReference; lastKnownFileType = text.plist.xml; path = Info.plist; sourceTree = "<group>"; };
		1853591B218AB48D00A9D598 /* TestDemoUITests.xctest */ = {isa = PBXFileReference; explicitFileType = wrapper.cfbundle; includeInIndex = 0; path = TestDemoUITests.xctest; sourceTree = BUILT_PRODUCTS_DIR; };
		1853591F218AB48D00A9D598 /* TestDemoUITests.swift */ = {isa = PBXFileReference; lastKnownFileType = sourcecode.swift; path = TestDemoUITests.swift; sourceTree = "<group>"; };
		18535921218AB48D00A9D598 /* Info.plist */ = {isa = PBXFileReference; lastKnownFileType = text.plist.xml; path = Info.plist; sourceTree = "<group>"; };
/* End PBXFileReference section */

/* Begin PBXFrameworksBuildPhase section */
		185358F9218AB47C00A9D598 /* Frameworks */ = {
			isa = PBXFrameworksBuildPhase;
			buildActionMask = 2147483647;
			files = (
			);
			runOnlyForDeploymentPostprocessing = 0;
		};
		1853590D218AB48D00A9D598 /* Frameworks */ = {
			isa = PBXFrameworksBuildPhase;
			buildActionMask = 2147483647;
			files = (
			);
			runOnlyForDeploymentPostprocessing = 0;
		};
		18535918218AB48D00A9D598 /* Frameworks */ = {
			isa = PBXFrameworksBuildPhase;
			buildActionMask = 2147483647;
			files = (
			);
			runOnlyForDeploymentPostprocessing = 0;
		};
/* End PBXFrameworksBuildPhase section */

/* Begin PBXGroup section */
		185358F3218AB47B00A9D598 = {
			isa = PBXGroup;
			children = (
				185358FE218AB47C00A9D598 /* TestDemo */,
				18535913218AB48D00A9D598 /* TestDemoTests */,
				1853591E218AB48D00A9D598 /* TestDemoUITests */,
				185358FD218AB47C00A9D598 /* Products */,
			);
			sourceTree = "<group>";
		};
		185358FD218AB47C00A9D598 /* Products */ = {
			isa = PBXGroup;
			children = (
				185358FC218AB47C00A9D598 /* TestDemo.app */,
				18535910218AB48D00A9D598 /* TestDemoTests.xctest */,
				1853591B218AB48D00A9D598 /* TestDemoUITests.xctest */,
			);
			name = Products;
			sourceTree = "<group>";
		};
		185358FE218AB47C00A9D598 /* TestDemo */ = {
			isa = PBXGroup;
			children = (
				185358FF218AB47C00A9D598 /* AppDelegate.swift */,
				18535901218AB47C00A9D598 /* ViewController.swift */,
				18535903218AB47C00A9D598 /* Main.storyboard */,
				18535906218AB48D00A9D598 /* Assets.xcassets */,
				18535908218AB48D00A9D598 /* LaunchScreen.storyboard */,
				1853590B218AB48D00A9D598 /* Info.plist */,
			);
			path = TestDemo;
			sourceTree = "<group>";
		};
		18535913218AB48D00A9D598 /* TestDemoTests */ = {
			isa = PBXGroup;
			children = (
				18535914218AB48D00A9D598 /* TestDemoTests.swift */,
				18535916218AB48D00A9D598 /* Info.plist */,
			);
			path = TestDemoTests;
			sourceTree = "<group>";
		};
		1853591E218AB48D00A9D598 /* TestDemoUITests */ = {
			isa = PBXGroup;
			children = (
				1853591F218AB48D00A9D598 /* TestDemoUITests.swift */,
				18535921218AB48D00A9D598 /* Info.plist */,
			);
			path = TestDemoUITests;
			sourceTree = "<group>";
		};
/* End PBXGroup section */

/* Begin PBXNativeTarget section */
		185358FB218AB47C00A9D598 /* TestDemo */ = {
			isa = PBXNativeTarget;
			buildConfigurationList = 18535924218AB48D00A9D598 /* Build configuration list for PBXNativeTarget "TestDemo" */;
			buildPhases = (
				185358F8218AB47C00A9D598 /* Sources */,
				185358F9218AB47C00A9D598 /* Frameworks */,
				185358FA218AB47C00A9D598 /* Resources */,
			);
			buildRules = (
			);
			dependencies = (
			);
			name = TestDemo;
			productName = TestDemo;
			productReference = 185358FC218AB47C00A9D598 /* TestDemo.app */;
			productType = "com.apple.product-type.application";
		};
		1853590F218AB48D00A9D598 /* TestDemoTests */ = {
			isa = PBXNativeTarget;
			buildConfigurationList = 18535927218AB48D00A9D598 /* Build configuration list for PBXNativeTarget "TestDemoTests" */;
			buildPhases = (
				1853590C218AB48D00A9D598 /* Sources */,
				1853590D218AB48D00A9D598 /* Frameworks */,
				1853590E218AB48D00A9D598 /* Resources */,
			);
			buildRules = (
			);
			dependencies = (
				18535912218AB48D00A9D598 /* PBXTargetDependency */,
			);
			name = TestDemoTests;
			productName = TestDemoTests;
			productReference = 18535910218AB48D00A9D598 /* TestDemoTests.xctest */;
			productType = "com.apple.product-type.bundle.unit-test";
		};
		1853591A218AB48D00A9D598 /* TestDemoUITests */ = {
			isa = PBXNativeTarget;
			buildConfigurationList = 1853592A218AB48D00A9D598 /* Build configuration list for PBXNativeTarget "TestDemoUITests" */;
			buildPhases = (
				18535917218AB48D00A9D598 /* Sources */,
				18535918218AB48D00A9D598 /* Frameworks */,
				18535919218AB48D00A9D598 /* Resources */,
			);
			buildRules = (
			);
			dependencies = (
				1853591D218AB48D00A9D598 /* PBXTargetDependency */,
			);
			name = TestDemoUITests;
			productName = TestDemoUITests;
			productReference = 1853591B218AB48D00A9D598 /* TestDemoUITests.xctest */;
			productType = "com.apple.product-type.bundle.ui-testing";
		};
/* End PBXNativeTarget section */

/* Begin PBXProject section */
		185358F4218AB47B00A9D598 /* Project object */ = {
			isa = PBXProject;
			attributes = {
				LastSwiftUpdateCheck = 1000;
				LastUpgradeCheck = 1000;
				ORGANIZATIONNAME = Apple;
				TargetAttributes = {
					185358FB218AB47C00A9D598 = {
						CreatedOnToolsVersion = 10.0;
					};
					1853590F218AB48D00A9D598 = {
						CreatedOnToolsVersion = 10.0;
						TestTargetID = 185358FB218AB47C00A9D598;
					};
					1853591A218AB48D00A9D598 = {
						CreatedOnToolsVersion = 10.0;
						TestTargetID = 185358FB218AB47C00A9D598;
					};
				};
			};
			buildConfigurationList = 185358F7218AB47B00A9D598 /* Build configuration list for PBXProject "TestDemo" */;
			compatibilityVersion = "Xcode 9.3";
			developmentRegion = en;
			hasScannedForEncodings = 0;
			knownRegions = (
				en,
				Base,
			);
			mainGroup = 185358F3218AB47B00A9D598;
			productRefGroup = 185358FD218AB47C00A9D598 /* Products */;
			projectDirPath = "";
			projectRoot = "";
			targets = (
				185358FB218AB47C00A9D598 /* TestDemo */,
				1853590F218AB48D00A9D598 /* TestDemoTests */,
				1853591A218AB48D00A9D598 /* TestDemoUITests */,
			);
		};
/* End PBXProject section */

/* Begin PBXResourcesBuildPhase section */
		185358FA218AB47C00A9D598 /* Resources */ = {
			isa = PBXResourcesBuildPhase;
			buildActionMask = 2147483647;
			files = (
				1853590A218AB48D00A9D598 /* LaunchScreen.storyboard in Resources */,
				18535907218AB48D00A9D598 /* Assets.xcassets in Resources */,
				18535905218AB47C00A9D598 /* Main.storyboard in Resources */,
			);
			runOnlyForDeploymentPostprocessing = 0;
		};
		1853590E218AB48D00A9D598 /* Resources */ = {
			isa = PBXResourcesBuildPhase;
			buildActionMask = 2147483647;
			files = (
			);
			runOnlyForDeploymentPostprocessing = 0;
		};
		18535919218AB48D00A9D598 /* Resources */ = {
			isa = PBXResourcesBuildPhase;
			buildActionMask = 2147483647;
			files = (
			);
			runOnlyForDeploymentPostprocessing = 0;
		};
/* End PBXResourcesBuildPhase section */

/* Begin PBXSourcesBuildPhase section */
		185358F8218AB47C00A9D598 /* Sources */ = {
			isa = PBXSourcesBuildPhase;
			buildActionMask = 2147483647;
			files = (
				18535902218AB47C00A9D598 /* ViewController.swift in Sources */,
				18535900218AB47C00A9D598 /* AppDelegate.swift in Sources */,
			);
			runOnlyForDeploymentPostprocessing = 0;
		};
		1853590C218AB48D00A9D598 /* Sources */ = {
			isa = PBXSourcesBuildPhase;
			buildActionMask = 2147483647;
			files = (
				18535915218AB48D00A9D598 /* TestDemoTests.swift in Sources */,
			);
			runOnlyForDeploymentPostprocessing = 0;
		};
		18535917218AB48D00A9D598 /* Sources */ = {
			isa = PBXSourcesBuildPhase;
			buildActionMask = 2147483647;
			files = (
				18535920218AB48D00A9D598 /* TestDemoUITests.swift in Sources */,
			);
			runOnlyForDeploymentPostprocessing = 0;
		};
/* End PBXSourcesBuildPhase section */

/* Begin PBXTargetDependency section */
		18535912218AB48D00A9D598 /* PBXTargetDependency */ = {
			isa = PBXTargetDependency;
			target = 185358FB218AB47C00A9D598 /* TestDemo */;
			targetProxy = 18535911218AB48D00A9D598 /* PBXContainerItemProxy */;
		};
		1853591D218AB48D00A9D598 /* PBXTargetDependency */ = {
			isa = PBXTargetDependency;
			target = 185358FB218AB47C00A9D598 /* TestDemo */;
			targetProxy = 1853591C218AB48D00A9D598 /* PBXContainerItemProxy */;
		};
/* End PBXTargetDependency section */

/* Begin PBXVariantGroup section */
		18535903218AB47C00A9D598 /* Main.storyboard */ = {
			isa = PBXVariantGroup;
			children = (
				18535904218AB47C00A9D598 /* Base */,
			);
			name = Main.storyboard;
			sourceTree = "<group>";
		};
		18535908218AB48D00A9D598 /* LaunchScreen.storyboard */ = {
			isa = PBXVariantGroup;
			children = (
				18535909218AB48D00A9D598 /* Base */,
			);
			name = LaunchScreen.storyboard;
			sourceTree = "<group>";
		};
/* End PBXVariantGroup section */

/* Begin XCBuildConfiguration section */
		18535922218AB48D00A9D598 /* Debug */ = {
			isa = XCBuildConfiguration;
			buildSettings = {
				ALWAYS_SEARCH_USER_PATHS = NO;
				CLANG_ANALYZER_NONNULL = YES;
				CLANG_ANALYZER_NUMBER_OBJECT_CONVERSION = YES_AGGRESSIVE;
				CLANG_CXX_LANGUAGE_STANDARD = "gnu++14";
				CLANG_CXX_LIBRARY = "libc++";
				CLANG_ENABLE_MODULES = YES;
				CLANG_ENABLE_OBJC_ARC = YES;
				CLANG_ENABLE_OBJC_WEAK = YES;
				CLANG_WARN_BLOCK_CAPTURE_AUTORELEASING = YES;
				CLANG_WARN_BOOL_CONVERSION = YES;
				CLANG_WARN_COMMA = YES;
				CLANG_WARN_CONSTANT_CONVERSION = YES;
				CLANG_WARN_DEPRECATED_OBJC_IMPLEMENTATIONS = YES;
				CLANG_WARN_DIRECT_OBJC_ISA_USAGE = YES_ERROR;
				CLANG_WARN_DOCUMENTATION_COMMENTS = YES;
				CLANG_WARN_EMPTY_BODY = YES;
				CLANG_WARN_ENUM_CONVERSION = YES;
				CLANG_WARN_INFINITE_RECURSION = YES;
				CLANG_WARN_INT_CONVERSION = YES;
				CLANG_WARN_NON_LITERAL_NULL_CONVERSION = YES;
				CLANG_WARN_OBJC_IMPLICIT_RETAIN_SELF = YES;
				CLANG_WARN_OBJC_LITERAL_CONVERSION = YES;
				CLANG_WARN_OBJC_ROOT_CLASS = YES_ERROR;
				CLANG_WARN_RANGE_LOOP_ANALYSIS = YES;
				CLANG_WARN_STRICT_PROTOTYPES = YES;
				CLANG_WARN_SUSPICIOUS_MOVE = YES;
				CLANG_WARN_UNGUARDED_AVAILABILITY = YES_AGGRESSIVE;
				CLANG_WARN_UNREACHABLE_CODE = YES;
				CLANG_WARN__DUPLICATE_METHOD_MATCH = YES;
				CODE_SIGN_IDENTITY = "iPhone Developer";
				COPY_PHASE_STRIP = NO;
				DEBUG_INFORMATION_FORMAT = dwarf;
				ENABLE_STRICT_OBJC_MSGSEND = YES;
				ENABLE_TESTABILITY = YES;
				GCC_C_LANGUAGE_STANDARD = gnu11;
				GCC_DYNAMIC_NO_PIC = NO;
				GCC_NO_COMMON_BLOCKS = YES;
				GCC_OPTIMIZATION_LEVEL = 0;
				GCC_PREPROCESSOR_DEFINITIONS = (
					"DEBUG=1",
					"$(inherited)",
				);
				GCC_WARN_64_TO_32_BIT_CONVERSION = YES;
				GCC_WARN_ABOUT_RETURN_TYPE = YES_ERROR;
				GCC_WARN_UNDECLARED_SELECTOR = YES;
				GCC_WARN_UNINITIALIZED_AUTOS = YES_AGGRESSIVE;
				GCC_WARN_UNUSED_FUNCTION = YES;
				GCC_WARN_UNUSED_VARIABLE = YES;
				IPHONEOS_DEPLOYMENT_TARGET = 12.0;
				MTL_ENABLE_DEBUG_INFO = INCLUDE_SOURCE;
				MTL_FAST_MATH = YES;
				ONLY_ACTIVE_ARCH = YES;
				SDKROOT = iphoneos;
				SWIFT_ACTIVE_COMPILATION_CONDITIONS = DEBUG;
				SWIFT_OPTIMIZATION_LEVEL = "-Onone";
			};
			name = Debug;
		};
		18535923218AB48D00A9D598 /* Release */ = {
			isa = XCBuildConfiguration;
			buildSettings = {
				ALWAYS_SEARCH_USER_PATHS = NO;
				CLANG_ANALYZER_NONNULL = YES;
				CLANG_ANALYZER_NUMBER_OBJECT_CONVERSION = YES_AGGRESSIVE;
				CLANG_CXX_LANGUAGE_STANDARD = "gnu++14";
				CLANG_CXX_LIBRARY = "libc++";
				CLANG_ENABLE_MODULES = YES;
				CLANG_ENABLE_OBJC_ARC = YES;
				CLANG_ENABLE_OBJC_WEAK = YES;
				CLANG_WARN_BLOCK_CAPTURE_AUTORELEASING = YES;
				CLANG_WARN_BOOL_CONVERSION = YES;
				CLANG_WARN_COMMA = YES;
				CLANG_WARN_CONSTANT_CONVERSION = YES;
				CLANG_WARN_DEPRECATED_OBJC_IMPLEMENTATIONS = YES;
				CLANG_WARN_DIRECT_OBJC_ISA_USAGE = YES_ERROR;
				CLANG_WARN_DOCUMENTATION_COMMENTS = YES;
				CLANG_WARN_EMPTY_BODY = YES;
				CLANG_WARN_ENUM_CONVERSION = YES;
				CLANG_WARN_INFINITE_RECURSION = YES;
				CLANG_WARN_INT_CONVERSION = YES;
				CLANG_WARN_NON_LITERAL_NULL_CONVERSION = YES;
				CLANG_WARN_OBJC_IMPLICIT_RETAIN_SELF = YES;
				CLANG_WARN_OBJC_LITERAL_CONVERSION = YES;
				CLANG_WARN_OBJC_ROOT_CLASS = YES_ERROR;
				CLANG_WARN_RANGE_LOOP_ANALYSIS = YES;
				CLANG_WARN_STRICT_PROTOTYPES = YES;
				CLANG_WARN_SUSPICIOUS_MOVE = YES;
				CLANG_WARN_UNGUARDED_AVAILABILITY = YES_AGGRESSIVE;
				CLANG_WARN_UNREACHABLE_CODE = YES;
				CLANG_WARN__DUPLICATE_METHOD_MATCH = YES;
				CODE_SIGN_IDENTITY = "iPhone Developer";
				COPY_PHASE_STRIP = NO;
				DEBUG_INFORMATION_FORMAT = "dwarf-with-dsym";
				ENABLE_NS_ASSERTIONS = NO;
				ENABLE_STRICT_OBJC_MSGSEND = YES;
				GCC_C_LANGUAGE_STANDARD = gnu11;
				GCC_NO_COMMON_BLOCKS = YES;
				GCC_WARN_64_TO_32_BIT_CONVERSION = YES;
				GCC_WARN_ABOUT_RETURN_TYPE = YES_ERROR;
				GCC_WARN_UNDECLARED_SELECTOR = YES;
				GCC_WARN_UNINITIALIZED_AUTOS = YES_AGGRESSIVE;
				GCC_WARN_UNUSED_FUNCTION = YES;
				GCC_WARN_UNUSED_VARIABLE = YES;
				IPHONEOS_DEPLOYMENT_TARGET = 12.0;
				MTL_ENABLE_DEBUG_INFO = NO;
				MTL_FAST_MATH = YES;
				SDKROOT = iphoneos;
				SWIFT_COMPILATION_MODE = wholemodule;
				SWIFT_OPTIMIZATION_LEVEL = "-O";
				VALIDATE_PRODUCT = YES;
			};
			name = Release;
		};
		18535925218AB48D00A9D598 /* Debug */ = {
			isa = XCBuildConfiguration;
			buildSettings = {
				ASSETCATALOG_COMPILER_APPICON_NAME = AppIcon;
				CODE_SIGN_STYLE = Automatic;
				DEVELOPMENT_TEAM = L2BQ3N62HW;
				INFOPLIST_FILE = TestDemo/Info.plist;
				LD_RUNPATH_SEARCH_PATHS = (
					"$(inherited)",
					"@executable_path/Frameworks",
				);
				PRODUCT_BUNDLE_IDENTIFIER = com.fidel.TestDemo;
				PRODUCT_NAME = "$(TARGET_NAME)";
				SWIFT_VERSION = 4.2;
				TARGETED_DEVICE_FAMILY = "1,2";
			};
			name = Debug;
		};
		18535926218AB48D00A9D598 /* Release */ = {
			isa = XCBuildConfiguration;
			buildSettings = {
				ASSETCATALOG_COMPILER_APPICON_NAME = AppIcon;
				CODE_SIGN_STYLE = Automatic;
				DEVELOPMENT_TEAM = L2BQ3N62HW;
				INFOPLIST_FILE = TestDemo/Info.plist;
				LD_RUNPATH_SEARCH_PATHS = (
					"$(inherited)",
					"@executable_path/Frameworks",
				);
				PRODUCT_BUNDLE_IDENTIFIER = com.fidel.TestDemo;
				PRODUCT_NAME = "$(TARGET_NAME)";
				SWIFT_VERSION = 4.2;
				TARGETED_DEVICE_FAMILY = "1,2";
			};
			name = Release;
		};
		18535928218AB48D00A9D598 /* Debug */ = {
			isa = XCBuildConfiguration;
			buildSettings = {
				ALWAYS_EMBED_SWIFT_STANDARD_LIBRARIES = YES;
				BUNDLE_LOADER = "$(TEST_HOST)";
				CODE_SIGN_STYLE = Automatic;
				DEVELOPMENT_TEAM = L2BQ3N62HW;
				INFOPLIST_FILE = TestDemoTests/Info.plist;
				LD_RUNPATH_SEARCH_PATHS = (
					"$(inherited)",
					"@executable_path/Frameworks",
					"@loader_path/Frameworks",
				);
				PRODUCT_BUNDLE_IDENTIFIER = com.fidel.TestDemoTests;
				PRODUCT_NAME = "$(TARGET_NAME)";
				SWIFT_VERSION = 4.2;
				TARGETED_DEVICE_FAMILY = "1,2";
				TEST_HOST = "$(BUILT_PRODUCTS_DIR)/TestDemo.app/TestDemo";
			};
			name = Debug;
		};
		18535929218AB48D00A9D598 /* Release */ = {
			isa = XCBuildConfiguration;
			buildSettings = {
				ALWAYS_EMBED_SWIFT_STANDARD_LIBRARIES = YES;
				BUNDLE_LOADER = "$(TEST_HOST)";
				CODE_SIGN_STYLE = Automatic;
				DEVELOPMENT_TEAM = L2BQ3N62HW;
				INFOPLIST_FILE = TestDemoTests/Info.plist;
				LD_RUNPATH_SEARCH_PATHS = (
					"$(inherited)",
					"@executable_path/Frameworks",
					"@loader_path/Frameworks",
				);
				PRODUCT_BUNDLE_IDENTIFIER = com.fidel.TestDemoTests;
				PRODUCT_NAME = "$(TARGET_NAME)";
				SWIFT_VERSION = 4.2;
				TARGETED_DEVICE_FAMILY = "1,2";
				TEST_HOST = "$(BUILT_PRODUCTS_DIR)/TestDemo.app/TestDemo";
			};
			name = Release;
		};
		1853592B218AB48D00A9D598 /* Debug */ = {
			isa = XCBuildConfiguration;
			buildSettings = {
				ALWAYS_EMBED_SWIFT_STANDARD_LIBRARIES = YES;
				CODE_SIGN_STYLE = Automatic;
				DEVELOPMENT_TEAM = L2BQ3N62HW;
				INFOPLIST_FILE = TestDemoUITests/Info.plist;
				LD_RUNPATH_SEARCH_PATHS = (
					"$(inherited)",
					"@executable_path/Frameworks",
					"@loader_path/Frameworks",
				);
				PRODUCT_BUNDLE_IDENTIFIER = com.fidel.TestDemoUITests;
				PRODUCT_NAME = "$(TARGET_NAME)";
				SWIFT_VERSION = 4.2;
				TARGETED_DEVICE_FAMILY = "1,2";
				TEST_TARGET_NAME = TestDemo;
			};
			name = Debug;
		};
		1853592C218AB48D00A9D598 /* Release */ = {
			isa = XCBuildConfiguration;
			buildSettings = {
				ALWAYS_EMBED_SWIFT_STANDARD_LIBRARIES = YES;
				CODE_SIGN_STYLE = Automatic;
				DEVELOPMENT_TEAM = L2BQ3N62HW;
				INFOPLIST_FILE = TestDemoUITests/Info.plist;
				LD_RUNPATH_SEARCH_PATHS = (
					"$(inherited)",
					"@executable_path/Frameworks",
					"@loader_path/Frameworks",
				);
				PRODUCT_BUNDLE_IDENTIFIER = com.fidel.TestDemoUITests;
				PRODUCT_NAME = "$(TARGET_NAME)";
				SWIFT_VERSION = 4.2;
				TARGETED_DEVICE_FAMILY = "1,2";
				TEST_TARGET_NAME = TestDemo;
			};
			name = Release;
		};
/* End XCBuildConfiguration section */

/* Begin XCConfigurationList section */
		185358F7218AB47B00A9D598 /* Build configuration list for PBXProject "TestDemo" */ = {
			isa = XCConfigurationList;
			buildConfigurations = (
				18535922218AB48D00A9D598 /* Debug */,
				18535923218AB48D00A9D598 /* Release */,
			);
			defaultConfigurationIsVisible = 0;
			defaultConfigurationName = Release;
		};
		18535924218AB48D00A9D598 /* Build configuration list for PBXNativeTarget "TestDemo" */ = {
			isa = XCConfigurationList;
			buildConfigurations = (
				18535925218AB48D00A9D598 /* Debug */,
				18535926218AB48D00A9D598 /* Release */,
			);
			defaultConfigurationIsVisible = 0;
			defaultConfigurationName = Release;
		};
		18535927218AB48D00A9D598 /* Build configuration list for PBXNativeTarget "TestDemoTests" */ = {
			isa = XCConfigurationList;
			buildConfigurations = (
				18535928218AB48D00A9D598 /* Debug */,
				18535929218AB48D00A9D598 /* Release */,
			);
			defaultConfigurationIsVisible = 0;
			defaultConfigurationName = Release;
		};
		1853592A218AB48D00A9D598 /* Build configuration list for PBXNativeTarget "TestDemoUITests" */ = {
			isa = XCConfigurationList;
			buildConfigurations = (
				1853592B218AB48D00A9D598 /* Debug */,
				1853592C218AB48D00A9D598 /* Release */,
			);
			defaultConfigurationIsVisible = 0;
			defaultConfigurationName = Release;
		};
/* End XCConfigurationList section */
	};
	rootObject = 185358F4218AB47B00A9D598 /* Project object */;
}
